
Microsoft Visual Studio Solution File, Format Version 12.00
# Visual Studio 15
VisualStudioVersion = 15.0.28307.852
MinimumVisualStudioVersion = 10.0.40219.1
Project("{FAE04EC0-301F-11D3-BF4B-00C04F79EFBC}") = "XamarinC3-4.Android", "XamarinC3-4\XamarinC3-4.Android\XamarinC3-4.Android.csproj", "{BC44AB39-DEA3-40E5-AD01-9FFBB942EFF8}"
EndProject
Project("{FAE04EC0-301F-11D3-BF4B-00C04F79EFBC}") = "XamarinC3-4", "XamarinC3-4\XamarinC3-4\XamarinC3-4.csproj", "{16B333A5-7F32-4B8A-8186-FD44D3D3320B}"
EndProject
Global
	GlobalSection(SolutionConfigurationPlatforms) = preSolution
		Ad-Hoc|Any CPU = Ad-Hoc|Any CPU
		Ad-Hoc|iPhone = Ad-Hoc|iPhone
		Ad-Hoc|iPhoneSimulator = Ad-Hoc|iPhoneSimulator
		AppStore|Any CPU = AppStore|Any CPU
		AppStore|iPhone = AppStore|iPhone
		AppStore|iPhoneSimulator = AppStore|iPhoneSimulator
		Debug|Any CPU = Debug|Any CPU
		Debug|iPhone = Debug|iPhone
		Debug|iPhoneSimulator = Debug|iPhoneSimulator
		Release|Any CPU = Release|Any CPU
		Release|iPhone = Release|iPhone
		Release|iPhoneSimulator = Release|iPhoneSimulator
	EndGlobalSection
	GlobalSection(ProjectConfigurationPlatforms) = postSolution
		{BC44AB39-DEA3-40E5-AD01-9FFBB942EFF8}.Ad-Hoc|Any CPU.ActiveCfg = Release|Any CPU
		{BC44AB39-DEA3-40E5-AD01-9FFBB942EFF8}.Ad-Hoc|Any CPU.Build.0 = Release|Any CPU
		{BC44AB39-DEA3-40E5-AD01-9FFBB942EFF8}.Ad-Hoc|Any CPU.Deploy.0 = Release|Any CPU
		{BC44AB39-DEA3-40E5-AD01-9FFBB942EFF8}.Ad-Hoc|iPhone.ActiveCfg = Release|Any CPU
		{BC44AB39-DEA3-40E5-AD01-9FFBB942EFF8}.Ad-Hoc|iPhone.Build.0 = Release|Any CPU
		{BC44AB39-DEA3-40E5-AD01-9FFBB942EFF8}.Ad-Hoc|iPhone.Deploy.0 = Release|Any CPU
		{BC44AB39-DEA3-40E5-AD01-9FFBB942EFF8}.Ad-Hoc|iPhoneSimulator.ActiveCfg = Release|Any CPU
		{BC44AB39-DEA3-40E5-AD01-9FFBB942EFF8}.Ad-Hoc|iPhoneSimulator.Build.0 = Release|Any CPU
		{BC44AB39-DEA3-40E5-AD01-9FFBB942EFF8}.Ad-Hoc|iPhoneSimulator.Deploy.0 = Release|Any CPU
		{BC44AB39-DEA3-40E5-AD01-9FFBB942EFF8}.AppStore|Any CPU.ActiveCfg = Release|Any CPU
		{BC44AB39-DEA3-40E5-AD01-9FFBB942EFF8}.AppStore|Any CPU.Build.0 = Release|Any CPU
		{BC44AB39-DEA3-40E5-AD01-9FFBB942EFF8}.AppStore|Any CPU.Deploy.0 = Release|Any CPU
		{BC44AB39-DEA3-40E5-AD01-9FFBB942EFF8}.AppStore|iPhone.ActiveCfg = Release|Any CPU
		{BC44AB39-DEA3-40E5-AD01-9FFBB942EFF8}.AppStore|iPhone.Build.0 = Release|Any CPU
		{BC44AB39-DEA3-40E5-AD01-9FFBB942EFF8}.AppStore|iPhone.Deploy.0 = Release|Any CPU
		{BC44AB39-DEA3-40E5-AD01-9FFBB942EFF8}.AppStore|iPhoneSimulator.ActiveCfg = Release|Any CPU
		{BC44AB39-DEA3-40E5-AD01-9FFBB942EFF8}.AppStore|iPhoneSimulator.Build.0 = Release|Any CPU
		{BC44AB39-DEA3-40E5-AD01-9FFBB942EFF8}.AppStore|iPhoneSimulator.Deploy.0 = Release|Any CPU
		{BC44AB39-DEA3-40E5-AD01-9FFBB942EFF8}.Debug|Any CPU.ActiveCfg = Debug|Any CPU
		{BC44AB39-DEA3-40E5-AD01-9FFBB942EFF8}.Debug|Any CPU.Build.0 = Debug|Any CPU
		{BC44AB39-DEA3-40E5-AD01-9FFBB942EFF8}.Debug|Any CPU.Deploy.0 = Debug|Any CPU
		{BC44AB39-DEA3-40E5-AD01-9FFBB942EFF8}.Debug|iPhone.ActiveCfg = Debug|Any CPU
		{BC44AB39-DEA3-40E5-AD01-9FFBB942EFF8}.Debug|iPhone.Build.0 = Debug|Any CPU
		{BC44AB39-DEA3-40E5-AD01-9FFBB942EFF8}.Debug|iPhone.Deploy.0 = Debug|Any CPU
		{BC44AB39-DEA3-40E5-AD01-9FFBB942EFF8}.Debug|iPhoneSimulator.ActiveCfg = Debug|Any CPU
		{BC44AB39-DEA3-40E5-AD01-9FFBB942EFF8}.Debug|iPhoneSimulator.Build.0 = Debug|Any CPU
		{BC44AB39-DEA3-40E5-AD01-9FFBB942EFF8}.Debug|iPhoneSimulator.Deploy.0 = Debug|Any CPU
		{BC44AB39-DEA3-40E5-AD01-9FFBB942EFF8}.Release|Any CPU.ActiveCfg = Release|Any CPU
		{BC44AB39-DEA3-40E5-AD01-9FFBB942EFF8}.Release|Any CPU.Build.0 = Release|Any CPU
		{BC44AB39-DEA3-40E5-AD01-9FFBB942EFF8}.Release|Any CPU.Deploy.0 = Release|Any CPU
		{BC44AB39-DEA3-40E5-AD01-9FFBB942EFF8}.Release|iPhone.ActiveCfg = Release|Any CPU
		{BC44AB39-DEA3-40E5-AD01-9FFBB942EFF8}.Release|iPhone.Build.0 = Release|Any CPU
		{BC44AB39-DEA3-40E5-AD01-9FFBB942EFF8}.Release|iPhone.Deploy.0 = Release|Any CPU
		{BC44AB39-DEA3-40E5-AD01-9FFBB942EFF8}.Release|iPhoneSimulator.ActiveCfg = Release|Any CPU
		{BC44AB39-DEA3-40E5-AD01-9FFBB942EFF8}.Release|iPhoneSimulator.Build.0 = Release|Any CPU
		{BC44AB39-DEA3-40E5-AD01-9FFBB942EFF8}.Release|iPhoneSimulator.Deploy.0 = Release|Any CPU
		{16B333A5-7F32-4B8A-8186-FD44D3D3320B}.Ad-Hoc|Any CPU.ActiveCfg = Debug|Any CPU
		{16B333A5-7F32-4B8A-8186-FD44D3D3320B}.Ad-Hoc|Any CPU.Build.0 = Debug|Any CPU
		{16B333A5-7F32-4B8A-8186-FD44D3D3320B}.Ad-Hoc|Any CPU.Deploy.0 = Debug|Any CPU
		{16B333A5-7F32-4B8A-8186-FD44D3D3320B}.Ad-Hoc|iPhone.ActiveCfg = Debug|Any CPU
		{16B333A5-7F32-4B8A-8186-FD44D3D3320B}.Ad-Hoc|iPhone.Build.0 = Debug|Any CPU
		{16B333A5-7F32-4B8A-8186-FD44D3D3320B}.Ad-Hoc|iPhone.Deploy.0 = Debug|Any CPU
		{16B333A5-7F32-4B8A-8186-FD44D3D3320B}.Ad-Hoc|iPhoneSimulator.ActiveCfg = Debug|Any CPU
		{16B333A5-7F32-4B8A-8186-FD44D3D3320B}.Ad-Hoc|iPhoneSimulator.Build.0 = Debug|Any CPU
		{16B333A5-7F32-4B8A-8186-FD44D3D3320B}.Ad-Hoc|iPhoneSimulator.Deploy.0 = Debug|Any CPU
		{16B333A5-7F32-4B8A-8186-FD44D3D3320B}.AppStore|Any CPU.ActiveCfg = Debug|Any CPU
		{16B333A5-7F32-4B8A-8186-FD44D3D3320B}.AppStore|Any CPU.Build.0 = Debug|Any CPU
		{16B333A5-7F32-4B8A-8186-FD44D3D3320B}.AppStore|Any CPU.Deploy.0 = Debug|Any CPU
		{16B333A5-7F32-4B8A-8186-FD44D3D3320B}.AppStore|iPhone.ActiveCfg = Debug|Any CPU
		{16B333A5-7F32-4B8A-8186-FD44D3D3320B}.AppStore|iPhone.Build.0 = Debug|Any CPU
		{16B333A5-7F32-4B8A-8186-FD44D3D3320B}.AppStore|iPhone.Deploy.0 = Debug|Any CPU
		{16B333A5-7F32-4B8A-8186-FD44D3D3320B}.AppStore|iPhoneSimulator.ActiveCfg = Debug|Any CPU
		{16B333A5-7F32-4B8A-8186-FD44D3D3320B}.AppStore|iPhoneSimulator.Build.0 = Debug|Any CPU
		{16B333A5-7F32-4B8A-8186-FD44D3D3320B}.AppStore|iPhoneSimulator.Deploy.0 = Debug|Any CPU
		{16B333A5-7F32-4B8A-8186-FD44D3D3320B}.Debug|Any CPU.ActiveCfg = Debug|Any CPU
		{16B333A5-7F32-4B8A-8186-FD44D3D3320B}.Debug|Any CPU.Build.0 = Debug|Any CPU
		{16B333A5-7F32-4B8A-8186-FD44D3D3320B}.Debug|Any CPU.Deploy.0 = Debug|Any CPU
		{16B333A5-7F32-4B8A-8186-FD44D3D3320B}.Debug|iPhone.ActiveCfg = Debug|Any CPU
		{16B333A5-7F32-4B8A-8186-FD44D3D3320B}.Debug|iPhone.Build.0 = Debug|Any CPU
		{16B333A5-7F32-4B8A-8186-FD44D3D3320B}.Debug|iPhone.Deploy.0 = Debug|Any CPU
		{16B333A5-7F32-4B8A-8186-FD44D3D3320B}.Debug|iPhoneSimulator.ActiveCfg = Debug|Any CPU
		{16B333A5-7F32-4B8A-8186-FD44D3D3320B}.Debug|iPhoneSimulator.Build.0 = Debug|Any CPU
		{16B333A5-7F32-4B8A-8186-FD44D3D3320B}.Debug|iPhoneSimulator.Deploy.0 = Debug|Any CPU
		{16B333A5-7F32-4B8A-8186-FD44D3D3320B}.Release|Any CPU.ActiveCfg = Release|Any CPU
		{16B333A5-7F32-4B8A-8186-FD44D3D3320B}.Release|Any CPU.Build.0 = Release|Any CPU
		{16B333A5-7F32-4B8A-8186-FD44D3D3320B}.Release|Any CPU.Deploy.0 = Release|Any CPU
		{16B333A5-7F32-4B8A-8186-FD44D3D3320B}.Release|iPhone.ActiveCfg = Release|Any CPU
		{16B333A5-7F32-4B8A-8186-FD44D3D3320B}.Release|iPhone.Build.0 = Release|Any CPU
		{16B333A5-7F32-4B8A-8186-FD44D3D3320B}.Release|iPhone.Deploy.0 = Release|Any CPU
		{16B333A5-7F32-4B8A-8186-FD44D3D3320B}.Release|iPhoneSimulator.ActiveCfg = Release|Any CPU
		{16B333A5-7F32-4B8A-8186-FD44D3D3320B}.Release|iPhoneSimulator.Build.0 = Release|Any CPU
		{16B333A5-7F32-4B8A-8186-FD44D3D3320B}.Release|iPhoneSimulator.Deploy.0 = Release|Any CPU
	EndGlobalSection
	GlobalSection(SolutionProperties) = preSolution
		HideSolutionNode = FALSE
	EndGlobalSection
	GlobalSection(ExtensibilityGlobals) = postSolution
		SolutionGuid = {006E7AB8-F98D-44C6-A8C3-5AACFE51DFC5}
	EndGlobalSection
EndGlobal
